{
  "name": "@microsoft/recognizers-text-date-time",
  "version": "1.3.2",
  "lockfileVersion": 3,
  "requires": true,
  "packages": {
    "": {
      "version": "1.3.2",
      "license": "MIT",
      "dependencies": {
        "@microsoft/recognizers-text": "~1.3.1",
        "@microsoft/recognizers-text-number": "~1.3.1",
        "@microsoft/recognizers-text-number-with-unit": "~1.3.1",
        "lodash": "^4.17.21"
      },
      "engines": {
        "node": ">=10.3.0"
      }
    },
    "node_modules/@microsoft/recognizers-text": {
      "version": "1.3.1",
      "resolved": "https://registry.npmjs.org/@microsoft/recognizers-text/-/recognizers-text-1.3.1.tgz",
      "integrity": "sha512-HikLoRUgSzM4OKP3JVBzUUp3Q7L4wgI17p/3rERF01HVmopcujY3i6wgx8PenCwbenyTNxjr1AwSDSVuFlYedQ==",
      "license": "MIT",
      "engines": {
        "node": ">=10.3.0"
      }
    },
    "node_modules/@microsoft/recognizers-text-number": {
      "version": "1.3.1",
      "resolved": "https://registry.npmjs.org/@microsoft/recognizers-text-number/-/recognizers-text-number-1.3.1.tgz",
      "integrity": "sha512-JBxhSdihdQLQilCtqISEBw5kM+CNGTXzy5j5hNoZECNUEvBUPkAGNEJAeQPMP5abrYks29aSklnSvSyLObXaNQ==",
      "license": "MIT",
      "dependencies": {
        "@microsoft/recognizers-text": "~1.3.1",
        "bignumber.js": "^7.2.1",
        "lodash": "^4.17.21"
      },
      "engines": {
        "node": ">=10.3.0"
      }
    },
    "node_modules/@microsoft/recognizers-text-number-with-unit": {
      "version": "1.3.1",
      "resolved": "https://registry.npmjs.org/@microsoft/recognizers-text-number-with-unit/-/recognizers-text-number-with-unit-1.3.1.tgz",
      "integrity": "sha512-gzCpPP4zQ5Vb+RHaWjzP2t1c+mj6GYOsFoI2NyJkm8OZ52XI+x9SJCgrrD2ujzjOd5/CQVC46rE22rfGwXLDkA==",
      "license": "MIT",
      "dependencies": {
        "@microsoft/recognizers-text": "~1.3.1",
        "@microsoft/recognizers-text-number": "~1.3.1",
        "lodash": "^4.17.21"
      },
      "engines": {
        "node": ">=10.3.0"
      }
    },
    "node_modules/bignumber.js": {
      "version": "7.2.1",
      "resolved": "https://registry.npmjs.org/bignumber.js/-/bignumber.js-7.2.1.tgz",
      "integrity": "sha512-S4XzBk5sMB+Rcb/LNcpzXr57VRTxgAvaAEDAl1AwRx27j00hT84O6OkteE7u8UB3NuaaygCRrEpqox4uDOrbdQ==",
      "license": "MIT",
      "engines": {
        "node": "*"
      }
    },
    "node_modules/lodash": {
      "version": "4.17.23",
      "resolved": "https://registry.npmjs.org/lodash/-/lodash-4.17.23.tgz",
      "integrity": "sha512-LgVTMpQtIopCi79SJeDiP0TfWi5CNEc/L/aRdTh3yIvmZXTnheWpKjSZhnvMl8iXbC1tFg9gdHHDMLoV7CnG+w==",
      "license": "MIT"
    }
  }
}
